
Microsoft Visual Studio Solution File, Format Version 12.00
# Visual Studio 15
VisualStudioVersion = 15.0.27703.2035
MinimumVisualStudioVersion = 10.0.40219.1
Project("{FAE04EC0-301F-11D3-BF4B-00C04F79EFBC}") = "Aftership.FullFramework.Api", "Aftership-API\Aftership.FullFramework.Api.csproj", "{6455C2A9-B5E3-4095-8942-F51590041249}"
EndProject
Project("{9A19103F-16F7-4668-BE54-9A1E7A4F7556}") = "XUnitTests", "XUnitTests\XUnitTests.csproj", "{0D43CC94-F021-411F-9CF5-E781640E2132}"
EndProject
Project("{FAE04EC0-301F-11D3-BF4B-00C04F79EFBC}") = "Aftership.Core", "Aftership.Core\Aftership.Core.csproj", "{C08B32AE-4D65-404F-9F7C-97EAFDE3FD25}"
EndProject
Global
	GlobalSection(SolutionConfigurationPlatforms) = preSolution
		Debug|Any CPU = Debug|Any CPU
		Release|Any CPU = Release|Any CPU
	EndGlobalSection
	GlobalSection(ProjectConfigurationPlatforms) = postSolution
		{6455C2A9-B5E3-4095-8942-F51590041249}.Debug|Any CPU.ActiveCfg = Debug|Any CPU
		{6455C2A9-B5E3-4095-8942-F51590041249}.Debug|Any CPU.Build.0 = Debug|Any CPU
		{6455C2A9-B5E3-4095-8942-F51590041249}.Release|Any CPU.ActiveCfg = Release|Any CPU
		{6455C2A9-B5E3-4095-8942-F51590041249}.Release|Any CPU.Build.0 = Release|Any CPU
		{0D43CC94-F021-411F-9CF5-E781640E2132}.Debug|Any CPU.ActiveCfg = Debug|Any CPU
		{0D43CC94-F021-411F-9CF5-E781640E2132}.Debug|Any CPU.Build.0 = Debug|Any CPU
		{0D43CC94-F021-411F-9CF5-E781640E2132}.Release|Any CPU.ActiveCfg = Release|Any CPU
		{0D43CC94-F021-411F-9CF5-E781640E2132}.Release|Any CPU.Build.0 = Release|Any CPU
		{C08B32AE-4D65-404F-9F7C-97EAFDE3FD25}.Debug|Any CPU.ActiveCfg = Debug|Any CPU
		{C08B32AE-4D65-404F-9F7C-97EAFDE3FD25}.Debug|Any CPU.Build.0 = Debug|Any CPU
		{C08B32AE-4D65-404F-9F7C-97EAFDE3FD25}.Release|Any CPU.ActiveCfg = Release|Any CPU
		{C08B32AE-4D65-404F-9F7C-97EAFDE3FD25}.Release|Any CPU.Build.0 = Release|Any CPU
	EndGlobalSection
	GlobalSection(SolutionProperties) = preSolution
		HideSolutionNode = FALSE
	EndGlobalSection
	GlobalSection(ExtensibilityGlobals) = postSolution
		SolutionGuid = {98A09F8D-E9E5-44BB-97E3-F9B6A8865B60}
	EndGlobalSection
EndGlobal
